lockfileVersion: '9.0'

settings:
  autoInstallPeers: true
  excludeLinksFromLockfile: false

importers:

  .:
    devDependencies:
      lightweight-charts:
        specifier: ^5.0.7
        version: 5.0.7

packages:

  fancy-canvas@2.1.0:
    resolution: {integrity: sha512-nifxXJ95JNLFR2NgRV4/MxVP45G9909wJTEKz5fg/TZS20JJZA6hfgRVh/bC9bwl2zBtBNcYPjiBE4njQHVBwQ==}

  lightweight-charts@5.0.7:
    resolution: {integrity: sha512-A4GqwYKRLhZREJEsSpORNNIWceOy5TS30s/WdAP2apKCDhAcIZDAI76TQHCCSf60oHwM7B92exXdQS9UykjXhw==}

snapshots:

  fancy-canvas@2.1.0: {}

  lightweight-charts@5.0.7:
    dependencies:
      fancy-canvas: 2.1.0
